
Microsoft Visual Studio Solution File, Format Version 12.00
# Visual Studio Version 16
VisualStudioVersion = 16.0.30907.101
MinimumVisualStudioVersion = 10.0.40219.1
Project("{9A19103F-16F7-4668-BE54-9A1E7A4F7556}") = "Business", "Business\Business.csproj", "{0CC78BB3-AE16-4CF3-8754-C1C83FFE8D4B}"
EndProject
Project("{9A19103F-16F7-4668-BE54-9A1E7A4F7556}") = "Entities", "Entities\Entities.csproj", "{BEF92AC3-9287-4157-87A6-A4C0D300F44C}"
EndProject
Project("{9A19103F-16F7-4668-BE54-9A1E7A4F7556}") = "ConsoleUI", "ConsoleUI\ConsoleUI.csproj", "{F44A93AA-1F80-4AB2-9C03-B3F8ABFAE566}"
EndProject
Project("{9A19103F-16F7-4668-BE54-9A1E7A4F7556}") = "DataAccess", "DataAccess\DataAccess.csproj", "{3262780D-2E1F-4031-A26C-7A6BECCCFC5E}"
EndProject
Project("{9A19103F-16F7-4668-BE54-9A1E7A4F7556}") = "Core", "Core\Core.csproj", "{57EC3C0C-D613-412F-94F3-3C6D561DFF21}"
EndProject
Project("{FAE04EC0-301F-11D3-BF4B-00C04F79EFBC}") = "WebAPI", "WebAPI\WebAPI.csproj", "{2D0332C9-E838-439C-9C56-B0CDF37C19AE}"
EndProject
Global
	GlobalSection(SolutionConfigurationPlatforms) = preSolution
		Debug|Any CPU = Debug|Any CPU
		Release|Any CPU = Release|Any CPU
	EndGlobalSection
	GlobalSection(ProjectConfigurationPlatforms) = postSolution
		{0CC78BB3-AE16-4CF3-8754-C1C83FFE8D4B}.Debug|Any CPU.ActiveCfg = Debug|Any CPU
		{0CC78BB3-AE16-4CF3-8754-C1C83FFE8D4B}.Debug|Any CPU.Build.0 = Debug|Any CPU
		{0CC78BB3-AE16-4CF3-8754-C1C83FFE8D4B}.Release|Any CPU.ActiveCfg = Release|Any CPU
		{0CC78BB3-AE16-4CF3-8754-C1C83FFE8D4B}.Release|Any CPU.Build.0 = Release|Any CPU
		{BEF92AC3-9287-4157-87A6-A4C0D300F44C}.Debug|Any CPU.ActiveCfg = Debug|Any CPU
		{BEF92AC3-9287-4157-87A6-A4C0D300F44C}.Debug|Any CPU.Build.0 = Debug|Any CPU
		{BEF92AC3-9287-4157-87A6-A4C0D300F44C}.Release|Any CPU.ActiveCfg = Release|Any CPU
		{BEF92AC3-9287-4157-87A6-A4C0D300F44C}.Release|Any CPU.Build.0 = Release|Any CPU
		{F44A93AA-1F80-4AB2-9C03-B3F8ABFAE566}.Debug|Any CPU.ActiveCfg = Debug|Any CPU
		{F44A93AA-1F80-4AB2-9C03-B3F8ABFAE566}.Debug|Any CPU.Build.0 = Debug|Any CPU
		{F44A93AA-1F80-4AB2-9C03-B3F8ABFAE566}.Release|Any CPU.ActiveCfg = Release|Any CPU
		{F44A93AA-1F80-4AB2-9C03-B3F8ABFAE566}.Release|Any CPU.Build.0 = Release|Any CPU
		{3262780D-2E1F-4031-A26C-7A6BECCCFC5E}.Debug|Any CPU.ActiveCfg = Debug|Any CPU
		{3262780D-2E1F-4031-A26C-7A6BECCCFC5E}.Debug|Any CPU.Build.0 = Debug|Any CPU
		{3262780D-2E1F-4031-A26C-7A6BECCCFC5E}.Release|Any CPU.ActiveCfg = Release|Any CPU
		{3262780D-2E1F-4031-A26C-7A6BECCCFC5E}.Release|Any CPU.Build.0 = Release|Any CPU
		{57EC3C0C-D613-412F-94F3-3C6D561DFF21}.Debug|Any CPU.ActiveCfg = Debug|Any CPU
		{57EC3C0C-D613-412F-94F3-3C6D561DFF21}.Debug|Any CPU.Build.0 = Debug|Any CPU
		{57EC3C0C-D613-412F-94F3-3C6D561DFF21}.Release|Any CPU.ActiveCfg = Release|Any CPU
		{57EC3C0C-D613-412F-94F3-3C6D561DFF21}.Release|Any CPU.Build.0 = Release|Any CPU
		{2D0332C9-E838-439C-9C56-B0CDF37C19AE}.Debug|Any CPU.ActiveCfg = Debug|Any CPU
		{2D0332C9-E838-439C-9C56-B0CDF37C19AE}.Debug|Any CPU.Build.0 = Debug|Any CPU
		{2D0332C9-E838-439C-9C56-B0CDF37C19AE}.Release|Any CPU.ActiveCfg = Release|Any CPU
		{2D0332C9-E838-439C-9C56-B0CDF37C19AE}.Release|Any CPU.Build.0 = Release|Any CPU
	EndGlobalSection
	GlobalSection(SolutionProperties) = preSolution
		HideSolutionNode = FALSE
	EndGlobalSection
	GlobalSection(ExtensibilityGlobals) = postSolution
		SolutionGuid = {0FAB9D81-F12B-4C48-8DEC-A7A2E517BFF6}
	EndGlobalSection
EndGlobal
