
Microsoft Visual Studio Solution File, Format Version 12.00
# Visual Studio Version 16
VisualStudioVersion = 16.0.30907.101
MinimumVisualStudioVersion = 10.0.40219.1
Project("{FAE04EC0-301F-11D3-BF4B-00C04F79EFBC}") = "DataAccess", "DataAccess\DataAccess.csproj", "{C8389B55-39AB-4EEE-8012-02BFA9493B13}"
EndProject
Project("{FAE04EC0-301F-11D3-BF4B-00C04F79EFBC}") = "Business", "Business\Business.csproj", "{0CC78BB3-AE16-4CF3-8754-C1C83FFE8D4B}"
EndProject
Project("{FAE04EC0-301F-11D3-BF4B-00C04F79EFBC}") = "Entities", "Entities\Entities.csproj", "{BEF92AC3-9287-4157-87A6-A4C0D300F44C}"
EndProject
Project("{FAE04EC0-301F-11D3-BF4B-00C04F79EFBC}") = "ConsoleUI", "ConsoleUI\ConsoleUI.csproj", "{F44A93AA-1F80-4AB2-9C03-B3F8ABFAE566}"
EndProject
Global
	GlobalSection(SolutionConfigurationPlatforms) = preSolution
		Debug|Any CPU = Debug|Any CPU
		Release|Any CPU = Release|Any CPU
	EndGlobalSection
	GlobalSection(ProjectConfigurationPlatforms) = postSolution
		{C8389B55-39AB-4EEE-8012-02BFA9493B13}.Debug|Any CPU.ActiveCfg = Debug|Any CPU
		{C8389B55-39AB-4EEE-8012-02BFA9493B13}.Debug|Any CPU.Build.0 = Debug|Any CPU
		{C8389B55-39AB-4EEE-8012-02BFA9493B13}.Release|Any CPU.ActiveCfg = Release|Any CPU
		{C8389B55-39AB-4EEE-8012-02BFA9493B13}.Release|Any CPU.Build.0 = Release|Any CPU
		{0CC78BB3-AE16-4CF3-8754-C1C83FFE8D4B}.Debug|Any CPU.ActiveCfg = Debug|Any CPU
		{0CC78BB3-AE16-4CF3-8754-C1C83FFE8D4B}.Debug|Any CPU.Build.0 = Debug|Any CPU
		{0CC78BB3-AE16-4CF3-8754-C1C83FFE8D4B}.Release|Any CPU.ActiveCfg = Release|Any CPU
		{0CC78BB3-AE16-4CF3-8754-C1C83FFE8D4B}.Release|Any CPU.Build.0 = Release|Any CPU
		{BEF92AC3-9287-4157-87A6-A4C0D300F44C}.Debug|Any CPU.ActiveCfg = Debug|Any CPU
		{BEF92AC3-9287-4157-87A6-A4C0D300F44C}.Debug|Any CPU.Build.0 = Debug|Any CPU
		{BEF92AC3-9287-4157-87A6-A4C0D300F44C}.Release|Any CPU.ActiveCfg = Release|Any CPU
		{BEF92AC3-9287-4157-87A6-A4C0D300F44C}.Release|Any CPU.Build.0 = Release|Any CPU
		{F44A93AA-1F80-4AB2-9C03-B3F8ABFAE566}.Debug|Any CPU.ActiveCfg = Debug|Any CPU
		{F44A93AA-1F80-4AB2-9C03-B3F8ABFAE566}.Debug|Any CPU.Build.0 = Debug|Any CPU
		{F44A93AA-1F80-4AB2-9C03-B3F8ABFAE566}.Release|Any CPU.ActiveCfg = Release|Any CPU
		{F44A93AA-1F80-4AB2-9C03-B3F8ABFAE566}.Release|Any CPU.Build.0 = Release|Any CPU
	EndGlobalSection
	GlobalSection(SolutionProperties) = preSolution
		HideSolutionNode = FALSE
	EndGlobalSection
	GlobalSection(ExtensibilityGlobals) = postSolution
		SolutionGuid = {0FAB9D81-F12B-4C48-8DEC-A7A2E517BFF6}
	EndGlobalSection
EndGlobal
